
Microsoft Visual Studio Solution File, Format Version 12.00
# Visual Studio 2012
Project("{FAE04EC0-301F-11D3-BF4B-00C04F79EFBC}") = "RacingResource", "RacingResource\RacingResource.csproj", "{2A64E82C-36C5-4358-838F-2EBB5416FAB1}"
EndProject
Project("{FAE04EC0-301F-11D3-BF4B-00C04F79EFBC}") = "RacingResource.Tests", "RacingResource.Tests\RacingResource.Tests.csproj", "{D4B59CA9-F9A1-4CDF-8911-167FE657C599}"
EndProject
Global
	GlobalSection(SolutionConfigurationPlatforms) = preSolution
		Debug|Any CPU = Debug|Any CPU
		Release|Any CPU = Release|Any CPU
	EndGlobalSection
	GlobalSection(ProjectConfigurationPlatforms) = postSolution
		{2A64E82C-36C5-4358-838F-2EBB5416FAB1}.Debug|Any CPU.ActiveCfg = Debug|Any CPU
		{2A64E82C-36C5-4358-838F-2EBB5416FAB1}.Debug|Any CPU.Build.0 = Debug|Any CPU
		{2A64E82C-36C5-4358-838F-2EBB5416FAB1}.Release|Any CPU.ActiveCfg = Release|Any CPU
		{2A64E82C-36C5-4358-838F-2EBB5416FAB1}.Release|Any CPU.Build.0 = Release|Any CPU
		{D4B59CA9-F9A1-4CDF-8911-167FE657C599}.Debug|Any CPU.ActiveCfg = Debug|Any CPU
		{D4B59CA9-F9A1-4CDF-8911-167FE657C599}.Debug|Any CPU.Build.0 = Debug|Any CPU
		{D4B59CA9-F9A1-4CDF-8911-167FE657C599}.Release|Any CPU.ActiveCfg = Release|Any CPU
		{D4B59CA9-F9A1-4CDF-8911-167FE657C599}.Release|Any CPU.Build.0 = Release|Any CPU
	EndGlobalSection
	GlobalSection(SolutionProperties) = preSolution
		HideSolutionNode = FALSE
	EndGlobalSection
EndGlobal
